
Microsoft Visual Studio Solution File, Format Version 12.00
# Visual Studio Version 16
VisualStudioVersion = 16.0.31005.135
MinimumVisualStudioVersion = 10.0.40219.1
Project("{9A19103F-16F7-4668-BE54-9A1E7A4F7556}") = "KakaoStory API", "Kakao Story API\KakaoStory API.csproj", "{9A49975B-79A2-4976-AC23-D66D04CEC984}"
EndProject
Global
	GlobalSection(SolutionConfigurationPlatforms) = preSolution
		Debug|Any CPU = Debug|Any CPU
		Release|Any CPU = Release|Any CPU
	EndGlobalSection
	GlobalSection(ProjectConfigurationPlatforms) = postSolution
		{9A49975B-79A2-4976-AC23-D66D04CEC984}.Debug|Any CPU.ActiveCfg = Debug|Any CPU
		{9A49975B-79A2-4976-AC23-D66D04CEC984}.Debug|Any CPU.Build.0 = Debug|Any CPU
		{9A49975B-79A2-4976-AC23-D66D04CEC984}.Release|Any CPU.ActiveCfg = Release|Any CPU
		{9A49975B-79A2-4976-AC23-D66D04CEC984}.Release|Any CPU.Build.0 = Release|Any CPU
	EndGlobalSection
	GlobalSection(SolutionProperties) = preSolution
		HideSolutionNode = FALSE
	EndGlobalSection
	GlobalSection(ExtensibilityGlobals) = postSolution
		SolutionGuid = {5DA968C1-F7B6-4898-B836-04FD5139134F}
	EndGlobalSection
EndGlobal
